
Microsoft Visual Studio Solution File, Format Version 12.00
# Visual Studio Version 17
VisualStudioVersion = 17.0.32112.339
MinimumVisualStudioVersion = 10.0.40219.1
Project("{9A19103F-16F7-4668-BE54-9A1E7A4F7556}") = "CMP1903M-Assessment-1", "CMP1903M-Assessment-1.csproj", "{9767AEF8-7C47-4B2F-98B1-8BA67E7D713C}"
EndProject
Global
	GlobalSection(SolutionConfigurationPlatforms) = preSolution
		Debug|Any CPU = Debug|Any CPU
		Release|Any CPU = Release|Any CPU
	EndGlobalSection
	GlobalSection(ProjectConfigurationPlatforms) = postSolution
		{9767AEF8-7C47-4B2F-98B1-8BA67E7D713C}.Debug|Any CPU.ActiveCfg = Debug|Any CPU
		{9767AEF8-7C47-4B2F-98B1-8BA67E7D713C}.Debug|Any CPU.Build.0 = Debug|Any CPU
		{9767AEF8-7C47-4B2F-98B1-8BA67E7D713C}.Release|Any CPU.ActiveCfg = Release|Any CPU
		{9767AEF8-7C47-4B2F-98B1-8BA67E7D713C}.Release|Any CPU.Build.0 = Release|Any CPU
	EndGlobalSection
	GlobalSection(SolutionProperties) = preSolution
		HideSolutionNode = FALSE
	EndGlobalSection
	GlobalSection(ExtensibilityGlobals) = postSolution
		SolutionGuid = {448B122A-F745-4B77-B3F8-799D89F4716E}
	EndGlobalSection
EndGlobal
